
Microsoft Visual Studio Solution File, Format Version 12.00
# Visual Studio Version 16
VisualStudioVersion = 16.0.29609.76
MinimumVisualStudioVersion = 10.0.40219.1
Project("{8BC9CEB8-8B4A-11D0-8D11-00A0C91BC942}") = "IOCPServerModel", "IOCPServerModel.vcxproj", "{762217E3-30F7-464A-90C9-F5B0EA315E24}"
	ProjectSection(ProjectDependencies) = postProject
		{D5EB9E1F-05BD-4711-88D2-D3050269DC0C} = {D5EB9E1F-05BD-4711-88D2-D3050269DC0C}
		{07F6F04A-D068-47C7-8A1F-D3D777D5C318} = {07F6F04A-D068-47C7-8A1F-D3D777D5C318}
		{3B80CF7B-1BA2-4287-AF87-202D97E29F88} = {3B80CF7B-1BA2-4287-AF87-202D97E29F88}
		{EC117A8A-DA51-487A-BB2C-9FB2993199BD} = {EC117A8A-DA51-487A-BB2C-9FB2993199BD}
		{32354BBA-0B4A-4896-A86D-265263D2A8DF} = {32354BBA-0B4A-4896-A86D-265263D2A8DF}
	EndProjectSection
EndProject
Project("{8BC9CEB8-8B4A-11D0-8D11-00A0C91BC942}") = "CSAutoLock", "..\CSAutoLock\CSAutoLock.vcxproj", "{07F6F04A-D068-47C7-8A1F-D3D777D5C318}"
EndProject
Project("{8BC9CEB8-8B4A-11D0-8D11-00A0C91BC942}") = "ServerDataStructure", "..\ServerDataStructure\ServerDataStructure.vcxproj", "{EC117A8A-DA51-487A-BB2C-9FB2993199BD}"
	ProjectSection(ProjectDependencies) = postProject
		{07F6F04A-D068-47C7-8A1F-D3D777D5C318} = {07F6F04A-D068-47C7-8A1F-D3D777D5C318}
		{3B80CF7B-1BA2-4287-AF87-202D97E29F88} = {3B80CF7B-1BA2-4287-AF87-202D97E29F88}
		{32354BBA-0B4A-4896-A86D-265263D2A8DF} = {32354BBA-0B4A-4896-A86D-265263D2A8DF}
	EndProjectSection
EndProject
Project("{8BC9CEB8-8B4A-11D0-8D11-00A0C91BC942}") = "MemoryPool", "..\MemoryPool\MemoryPool.vcxproj", "{32354BBA-0B4A-4896-A86D-265263D2A8DF}"
EndProject
Project("{2150E333-8FDC-42A3-9474-1A3956D46DE8}") = "Common", "Common", "{E6176F28-E596-4679-A6D5-0B227272EC71}"
EndProject
Project("{2150E333-8FDC-42A3-9474-1A3956D46DE8}") = "ServerModel", "ServerModel", "{48046E28-2276-4384-A482-BB7317A49F0B}"
EndProject
Project("{8BC9CEB8-8B4A-11D0-8D11-00A0C91BC942}") = "MCLog", "..\MCLog\MCLog.vcxproj", "{D5EB9E1F-05BD-4711-88D2-D3050269DC0C}"
EndProject
Project("{8BC9CEB8-8B4A-11D0-8D11-00A0C91BC942}") = "WinSocket", "..\WinSocket\WinSocket.vcxproj", "{3B80CF7B-1BA2-4287-AF87-202D97E29F88}"
EndProject
Project("{2150E333-8FDC-42A3-9474-1A3956D46DE8}") = "TestServer", "TestServer", "{CE48C832-7B14-4E06-ABDC-09C7845871C3}"
EndProject
Project("{8BC9CEB8-8B4A-11D0-8D11-00A0C91BC942}") = "Test_HTTPServer_IOCP", "..\Test_HTTPServer_IOCP\Test_HTTPServer_IOCP.vcxproj", "{8EE8FEBE-D89C-412A-BD85-24EBE12623E2}"
	ProjectSection(ProjectDependencies) = postProject
		{D5EB9E1F-05BD-4711-88D2-D3050269DC0C} = {D5EB9E1F-05BD-4711-88D2-D3050269DC0C}
		{07F6F04A-D068-47C7-8A1F-D3D777D5C318} = {07F6F04A-D068-47C7-8A1F-D3D777D5C318}
		{3B80CF7B-1BA2-4287-AF87-202D97E29F88} = {3B80CF7B-1BA2-4287-AF87-202D97E29F88}
		{EC117A8A-DA51-487A-BB2C-9FB2993199BD} = {EC117A8A-DA51-487A-BB2C-9FB2993199BD}
		{32354BBA-0B4A-4896-A86D-265263D2A8DF} = {32354BBA-0B4A-4896-A86D-265263D2A8DF}
		{762217E3-30F7-464A-90C9-F5B0EA315E24} = {762217E3-30F7-464A-90C9-F5B0EA315E24}
	EndProjectSection
EndProject
Global
	GlobalSection(SolutionConfigurationPlatforms) = preSolution
		Debug|x64 = Debug|x64
		Debug|x86 = Debug|x86
		Release|x64 = Release|x64
		Release|x86 = Release|x86
	EndGlobalSection
	GlobalSection(ProjectConfigurationPlatforms) = postSolution
		{762217E3-30F7-464A-90C9-F5B0EA315E24}.Debug|x64.ActiveCfg = Debug|x64
		{762217E3-30F7-464A-90C9-F5B0EA315E24}.Debug|x64.Build.0 = Debug|x64
		{762217E3-30F7-464A-90C9-F5B0EA315E24}.Debug|x86.ActiveCfg = Debug|Win32
		{762217E3-30F7-464A-90C9-F5B0EA315E24}.Debug|x86.Build.0 = Debug|Win32
		{762217E3-30F7-464A-90C9-F5B0EA315E24}.Release|x64.ActiveCfg = Release|x64
		{762217E3-30F7-464A-90C9-F5B0EA315E24}.Release|x64.Build.0 = Release|x64
		{762217E3-30F7-464A-90C9-F5B0EA315E24}.Release|x86.ActiveCfg = Release|Win32
		{762217E3-30F7-464A-90C9-F5B0EA315E24}.Release|x86.Build.0 = Release|Win32
		{07F6F04A-D068-47C7-8A1F-D3D777D5C318}.Debug|x64.ActiveCfg = Debug|x64
		{07F6F04A-D068-47C7-8A1F-D3D777D5C318}.Debug|x64.Build.0 = Debug|x64
		{07F6F04A-D068-47C7-8A1F-D3D777D5C318}.Debug|x86.ActiveCfg = Debug|Win32
		{07F6F04A-D068-47C7-8A1F-D3D777D5C318}.Debug|x86.Build.0 = Debug|Win32
		{07F6F04A-D068-47C7-8A1F-D3D777D5C318}.Release|x64.ActiveCfg = Release|x64
		{07F6F04A-D068-47C7-8A1F-D3D777D5C318}.Release|x64.Build.0 = Release|x64
		{07F6F04A-D068-47C7-8A1F-D3D777D5C318}.Release|x86.ActiveCfg = Release|Win32
		{07F6F04A-D068-47C7-8A1F-D3D777D5C318}.Release|x86.Build.0 = Release|Win32
		{EC117A8A-DA51-487A-BB2C-9FB2993199BD}.Debug|x64.ActiveCfg = Debug|x64
		{EC117A8A-DA51-487A-BB2C-9FB2993199BD}.Debug|x64.Build.0 = Debug|x64
		{EC117A8A-DA51-487A-BB2C-9FB2993199BD}.Debug|x86.ActiveCfg = Debug|Win32
		{EC117A8A-DA51-487A-BB2C-9FB2993199BD}.Debug|x86.Build.0 = Debug|Win32
		{EC117A8A-DA51-487A-BB2C-9FB2993199BD}.Release|x64.ActiveCfg = Release|x64
		{EC117A8A-DA51-487A-BB2C-9FB2993199BD}.Release|x64.Build.0 = Release|x64
		{EC117A8A-DA51-487A-BB2C-9FB2993199BD}.Release|x86.ActiveCfg = Release|Win32
		{EC117A8A-DA51-487A-BB2C-9FB2993199BD}.Release|x86.Build.0 = Release|Win32
		{32354BBA-0B4A-4896-A86D-265263D2A8DF}.Debug|x64.ActiveCfg = Debug|x64
		{32354BBA-0B4A-4896-A86D-265263D2A8DF}.Debug|x64.Build.0 = Debug|x64
		{32354BBA-0B4A-4896-A86D-265263D2A8DF}.Debug|x86.ActiveCfg = Debug|Win32
		{32354BBA-0B4A-4896-A86D-265263D2A8DF}.Debug|x86.Build.0 = Debug|Win32
		{32354BBA-0B4A-4896-A86D-265263D2A8DF}.Release|x64.ActiveCfg = Release|x64
		{32354BBA-0B4A-4896-A86D-265263D2A8DF}.Release|x64.Build.0 = Release|x64
		{32354BBA-0B4A-4896-A86D-265263D2A8DF}.Release|x86.ActiveCfg = Release|Win32
		{32354BBA-0B4A-4896-A86D-265263D2A8DF}.Release|x86.Build.0 = Release|Win32
		{D5EB9E1F-05BD-4711-88D2-D3050269DC0C}.Debug|x64.ActiveCfg = Debug|x64
		{D5EB9E1F-05BD-4711-88D2-D3050269DC0C}.Debug|x64.Build.0 = Debug|x64
		{D5EB9E1F-05BD-4711-88D2-D3050269DC0C}.Debug|x86.ActiveCfg = Debug|Win32
		{D5EB9E1F-05BD-4711-88D2-D3050269DC0C}.Debug|x86.Build.0 = Debug|Win32
		{D5EB9E1F-05BD-4711-88D2-D3050269DC0C}.Release|x64.ActiveCfg = Release|x64
		{D5EB9E1F-05BD-4711-88D2-D3050269DC0C}.Release|x64.Build.0 = Release|x64
		{D5EB9E1F-05BD-4711-88D2-D3050269DC0C}.Release|x86.ActiveCfg = Release|Win32
		{D5EB9E1F-05BD-4711-88D2-D3050269DC0C}.Release|x86.Build.0 = Release|Win32
		{3B80CF7B-1BA2-4287-AF87-202D97E29F88}.Debug|x64.ActiveCfg = Debug|x64
		{3B80CF7B-1BA2-4287-AF87-202D97E29F88}.Debug|x64.Build.0 = Debug|x64
		{3B80CF7B-1BA2-4287-AF87-202D97E29F88}.Debug|x86.ActiveCfg = Debug|Win32
		{3B80CF7B-1BA2-4287-AF87-202D97E29F88}.Debug|x86.Build.0 = Debug|Win32
		{3B80CF7B-1BA2-4287-AF87-202D97E29F88}.Release|x64.ActiveCfg = Release|x64
		{3B80CF7B-1BA2-4287-AF87-202D97E29F88}.Release|x64.Build.0 = Release|x64
		{3B80CF7B-1BA2-4287-AF87-202D97E29F88}.Release|x86.ActiveCfg = Release|Win32
		{3B80CF7B-1BA2-4287-AF87-202D97E29F88}.Release|x86.Build.0 = Release|Win32
		{8EE8FEBE-D89C-412A-BD85-24EBE12623E2}.Debug|x64.ActiveCfg = Debug|x64
		{8EE8FEBE-D89C-412A-BD85-24EBE12623E2}.Debug|x64.Build.0 = Debug|x64
		{8EE8FEBE-D89C-412A-BD85-24EBE12623E2}.Debug|x86.ActiveCfg = Debug|Win32
		{8EE8FEBE-D89C-412A-BD85-24EBE12623E2}.Debug|x86.Build.0 = Debug|Win32
		{8EE8FEBE-D89C-412A-BD85-24EBE12623E2}.Release|x64.ActiveCfg = Release|x64
		{8EE8FEBE-D89C-412A-BD85-24EBE12623E2}.Release|x64.Build.0 = Release|x64
		{8EE8FEBE-D89C-412A-BD85-24EBE12623E2}.Release|x86.ActiveCfg = Release|Win32
		{8EE8FEBE-D89C-412A-BD85-24EBE12623E2}.Release|x86.Build.0 = Release|Win32
	EndGlobalSection
	GlobalSection(SolutionProperties) = preSolution
		HideSolutionNode = FALSE
	EndGlobalSection
	GlobalSection(NestedProjects) = preSolution
		{762217E3-30F7-464A-90C9-F5B0EA315E24} = {48046E28-2276-4384-A482-BB7317A49F0B}
		{07F6F04A-D068-47C7-8A1F-D3D777D5C318} = {E6176F28-E596-4679-A6D5-0B227272EC71}
		{EC117A8A-DA51-487A-BB2C-9FB2993199BD} = {E6176F28-E596-4679-A6D5-0B227272EC71}
		{32354BBA-0B4A-4896-A86D-265263D2A8DF} = {E6176F28-E596-4679-A6D5-0B227272EC71}
		{D5EB9E1F-05BD-4711-88D2-D3050269DC0C} = {E6176F28-E596-4679-A6D5-0B227272EC71}
		{3B80CF7B-1BA2-4287-AF87-202D97E29F88} = {E6176F28-E596-4679-A6D5-0B227272EC71}
		{8EE8FEBE-D89C-412A-BD85-24EBE12623E2} = {CE48C832-7B14-4E06-ABDC-09C7845871C3}
	EndGlobalSection
	GlobalSection(ExtensibilityGlobals) = postSolution
		SolutionGuid = {1291F1B2-4696-4566-AD33-BCF0394A7108}
	EndGlobalSection
EndGlobal
