
Microsoft Visual Studio Solution File, Format Version 12.00
# Visual Studio 15
VisualStudioVersion = 15.0.27703.2035
MinimumVisualStudioVersion = 10.0.40219.1
Project("{8BC9CEB8-8B4A-11D0-8D11-00A0C91BC942}") = "HTTPServer_IOCP", "HTTPServer_IOCP\HTTPServer_IOCP.vcxproj", "{F60FC68C-92EF-4151-A09A-D116118D2075}"
	ProjectSection(ProjectDependencies) = postProject
		{989F252E-D6DF-425A-A2BF-4BDCD63E4591} = {989F252E-D6DF-425A-A2BF-4BDCD63E4591}
		{C1FB6660-D8F6-41DA-AB3E-26546FC59AC0} = {C1FB6660-D8F6-41DA-AB3E-26546FC59AC0}
		{F3323AB0-8AB4-4BCC-BD6A-712ABCB125C8} = {F3323AB0-8AB4-4BCC-BD6A-712ABCB125C8}
		{3FA434C7-3E96-4FB7-A554-3685AE3C975E} = {3FA434C7-3E96-4FB7-A554-3685AE3C975E}
	EndProjectSection
EndProject
Project("{8BC9CEB8-8B4A-11D0-8D11-00A0C91BC942}") = "IOCPModel", "..\IOCPModel\IOCPModel\IOCPModel.vcxproj", "{3FA434C7-3E96-4FB7-A554-3685AE3C975E}"
	ProjectSection(ProjectDependencies) = postProject
		{989F252E-D6DF-425A-A2BF-4BDCD63E4591} = {989F252E-D6DF-425A-A2BF-4BDCD63E4591}
		{C1FB6660-D8F6-41DA-AB3E-26546FC59AC0} = {C1FB6660-D8F6-41DA-AB3E-26546FC59AC0}
		{F3323AB0-8AB4-4BCC-BD6A-712ABCB125C8} = {F3323AB0-8AB4-4BCC-BD6A-712ABCB125C8}
	EndProjectSection
EndProject
Project("{8BC9CEB8-8B4A-11D0-8D11-00A0C91BC942}") = "MemoryPool", "..\MemoryPool\MemoryPool\MemoryPool.vcxproj", "{F3323AB0-8AB4-4BCC-BD6A-712ABCB125C8}"
EndProject
Project("{8BC9CEB8-8B4A-11D0-8D11-00A0C91BC942}") = "WinSock", "..\WinSock\WinSock\WinSock.vcxproj", "{989F252E-D6DF-425A-A2BF-4BDCD63E4591}"
EndProject
Project("{8BC9CEB8-8B4A-11D0-8D11-00A0C91BC942}") = "CSAutoLock", "..\CSAutoLock\CSAutoLock.vcxproj", "{C1FB6660-D8F6-41DA-AB3E-26546FC59AC0}"
EndProject
Project("{8BC9CEB8-8B4A-11D0-8D11-00A0C91BC942}") = "CLog", "..\CLog\CLog.vcxproj", "{2766F17E-0172-4200-A3D2-CF70C458D5F7}"
EndProject
Global
	GlobalSection(SolutionConfigurationPlatforms) = preSolution
		Debug|x64 = Debug|x64
		Debug|x86 = Debug|x86
		Release|x64 = Release|x64
		Release|x86 = Release|x86
	EndGlobalSection
	GlobalSection(ProjectConfigurationPlatforms) = postSolution
		{F60FC68C-92EF-4151-A09A-D116118D2075}.Debug|x64.ActiveCfg = Debug|x64
		{F60FC68C-92EF-4151-A09A-D116118D2075}.Debug|x64.Build.0 = Debug|x64
		{F60FC68C-92EF-4151-A09A-D116118D2075}.Debug|x86.ActiveCfg = Debug|Win32
		{F60FC68C-92EF-4151-A09A-D116118D2075}.Debug|x86.Build.0 = Debug|Win32
		{F60FC68C-92EF-4151-A09A-D116118D2075}.Release|x64.ActiveCfg = Release|x64
		{F60FC68C-92EF-4151-A09A-D116118D2075}.Release|x64.Build.0 = Release|x64
		{F60FC68C-92EF-4151-A09A-D116118D2075}.Release|x86.ActiveCfg = Release|Win32
		{F60FC68C-92EF-4151-A09A-D116118D2075}.Release|x86.Build.0 = Release|Win32
		{3FA434C7-3E96-4FB7-A554-3685AE3C975E}.Debug|x64.ActiveCfg = Debug|x64
		{3FA434C7-3E96-4FB7-A554-3685AE3C975E}.Debug|x64.Build.0 = Debug|x64
		{3FA434C7-3E96-4FB7-A554-3685AE3C975E}.Debug|x86.ActiveCfg = Debug|Win32
		{3FA434C7-3E96-4FB7-A554-3685AE3C975E}.Debug|x86.Build.0 = Debug|Win32
		{3FA434C7-3E96-4FB7-A554-3685AE3C975E}.Release|x64.ActiveCfg = Release|x64
		{3FA434C7-3E96-4FB7-A554-3685AE3C975E}.Release|x64.Build.0 = Release|x64
		{3FA434C7-3E96-4FB7-A554-3685AE3C975E}.Release|x86.ActiveCfg = Release|Win32
		{3FA434C7-3E96-4FB7-A554-3685AE3C975E}.Release|x86.Build.0 = Release|Win32
		{F3323AB0-8AB4-4BCC-BD6A-712ABCB125C8}.Debug|x64.ActiveCfg = Debug|x64
		{F3323AB0-8AB4-4BCC-BD6A-712ABCB125C8}.Debug|x64.Build.0 = Debug|x64
		{F3323AB0-8AB4-4BCC-BD6A-712ABCB125C8}.Debug|x86.ActiveCfg = Debug|Win32
		{F3323AB0-8AB4-4BCC-BD6A-712ABCB125C8}.Debug|x86.Build.0 = Debug|Win32
		{F3323AB0-8AB4-4BCC-BD6A-712ABCB125C8}.Release|x64.ActiveCfg = Release|x64
		{F3323AB0-8AB4-4BCC-BD6A-712ABCB125C8}.Release|x64.Build.0 = Release|x64
		{F3323AB0-8AB4-4BCC-BD6A-712ABCB125C8}.Release|x86.ActiveCfg = Release|Win32
		{F3323AB0-8AB4-4BCC-BD6A-712ABCB125C8}.Release|x86.Build.0 = Release|Win32
		{989F252E-D6DF-425A-A2BF-4BDCD63E4591}.Debug|x64.ActiveCfg = Debug|x64
		{989F252E-D6DF-425A-A2BF-4BDCD63E4591}.Debug|x64.Build.0 = Debug|x64
		{989F252E-D6DF-425A-A2BF-4BDCD63E4591}.Debug|x86.ActiveCfg = Debug|Win32
		{989F252E-D6DF-425A-A2BF-4BDCD63E4591}.Debug|x86.Build.0 = Debug|Win32
		{989F252E-D6DF-425A-A2BF-4BDCD63E4591}.Release|x64.ActiveCfg = Release|x64
		{989F252E-D6DF-425A-A2BF-4BDCD63E4591}.Release|x64.Build.0 = Release|x64
		{989F252E-D6DF-425A-A2BF-4BDCD63E4591}.Release|x86.ActiveCfg = Release|Win32
		{989F252E-D6DF-425A-A2BF-4BDCD63E4591}.Release|x86.Build.0 = Release|Win32
		{C1FB6660-D8F6-41DA-AB3E-26546FC59AC0}.Debug|x64.ActiveCfg = Debug|x64
		{C1FB6660-D8F6-41DA-AB3E-26546FC59AC0}.Debug|x64.Build.0 = Debug|x64
		{C1FB6660-D8F6-41DA-AB3E-26546FC59AC0}.Debug|x86.ActiveCfg = Debug|Win32
		{C1FB6660-D8F6-41DA-AB3E-26546FC59AC0}.Debug|x86.Build.0 = Debug|Win32
		{C1FB6660-D8F6-41DA-AB3E-26546FC59AC0}.Release|x64.ActiveCfg = Release|x64
		{C1FB6660-D8F6-41DA-AB3E-26546FC59AC0}.Release|x64.Build.0 = Release|x64
		{C1FB6660-D8F6-41DA-AB3E-26546FC59AC0}.Release|x86.ActiveCfg = Release|Win32
		{C1FB6660-D8F6-41DA-AB3E-26546FC59AC0}.Release|x86.Build.0 = Release|Win32
		{2766F17E-0172-4200-A3D2-CF70C458D5F7}.Debug|x64.ActiveCfg = Debug|x64
		{2766F17E-0172-4200-A3D2-CF70C458D5F7}.Debug|x64.Build.0 = Debug|x64
		{2766F17E-0172-4200-A3D2-CF70C458D5F7}.Debug|x86.ActiveCfg = Debug|Win32
		{2766F17E-0172-4200-A3D2-CF70C458D5F7}.Debug|x86.Build.0 = Debug|Win32
		{2766F17E-0172-4200-A3D2-CF70C458D5F7}.Release|x64.ActiveCfg = Release|x64
		{2766F17E-0172-4200-A3D2-CF70C458D5F7}.Release|x64.Build.0 = Release|x64
		{2766F17E-0172-4200-A3D2-CF70C458D5F7}.Release|x86.ActiveCfg = Release|Win32
		{2766F17E-0172-4200-A3D2-CF70C458D5F7}.Release|x86.Build.0 = Release|Win32
	EndGlobalSection
	GlobalSection(SolutionProperties) = preSolution
		HideSolutionNode = FALSE
	EndGlobalSection
	GlobalSection(ExtensibilityGlobals) = postSolution
		SolutionGuid = {C0D3244E-19D2-4E6C-BDF0-AC318DF3FEA0}
	EndGlobalSection
EndGlobal
